
Microsoft Visual Studio Solution File, Format Version 12.00
# Visual Studio Version 17
VisualStudioVersion = 17.5.2.0
MinimumVisualStudioVersion = 10.0.40219.1
Project("{FAE04EC0-301F-11D3-BF4B-00C04F79EFBC}") = "RedSkullNet8", "RedSkullNet8.csproj", "{9C08C511-2ED1-4924-1E9E-8E5C9B0ED888}"
EndProject
Global
	GlobalSection(SolutionConfigurationPlatforms) = preSolution
		Debug|Any CPU = Debug|Any CPU
		Debug|x64 = Debug|x64
		Debug|x86 = Debug|x86
		Release|Any CPU = Release|Any CPU
		Release|x64 = Release|x64
		Release|x86 = Release|x86
	EndGlobalSection
	GlobalSection(ProjectConfigurationPlatforms) = postSolution
		{9C08C511-2ED1-4924-1E9E-8E5C9B0ED888}.Debug|Any CPU.ActiveCfg = Debug|Any CPU
		{9C08C511-2ED1-4924-1E9E-8E5C9B0ED888}.Debug|Any CPU.Build.0 = Debug|Any CPU
		{9C08C511-2ED1-4924-1E9E-8E5C9B0ED888}.Debug|x64.ActiveCfg = Debug|Any CPU
		{9C08C511-2ED1-4924-1E9E-8E5C9B0ED888}.Debug|x64.Build.0 = Debug|Any CPU
		{9C08C511-2ED1-4924-1E9E-8E5C9B0ED888}.Debug|x86.ActiveCfg = Debug|Any CPU
		{9C08C511-2ED1-4924-1E9E-8E5C9B0ED888}.Debug|x86.Build.0 = Debug|Any CPU
		{9C08C511-2ED1-4924-1E9E-8E5C9B0ED888}.Release|Any CPU.ActiveCfg = Release|Any CPU
		{9C08C511-2ED1-4924-1E9E-8E5C9B0ED888}.Release|Any CPU.Build.0 = Release|Any CPU
		{9C08C511-2ED1-4924-1E9E-8E5C9B0ED888}.Release|x64.ActiveCfg = Release|Any CPU
		{9C08C511-2ED1-4924-1E9E-8E5C9B0ED888}.Release|x64.Build.0 = Release|Any CPU
		{9C08C511-2ED1-4924-1E9E-8E5C9B0ED888}.Release|x86.ActiveCfg = Release|Any CPU
		{9C08C511-2ED1-4924-1E9E-8E5C9B0ED888}.Release|x86.Build.0 = Release|Any CPU
	EndGlobalSection
	GlobalSection(SolutionProperties) = preSolution
		HideSolutionNode = FALSE
	EndGlobalSection
	GlobalSection(ExtensibilityGlobals) = postSolution
		SolutionGuid = {A6EDA98C-CE9A-4DFE-86A6-B24660237A2C}
	EndGlobalSection
EndGlobal
